
Microsoft Visual Studio Solution File, Format Version 12.00
# Visual Studio Version 16
VisualStudioVersion = 16.0.31129.286
MinimumVisualStudioVersion = 10.0.40219.1
Project("{F184B08F-C81C-45F6-A57F-5ABD9991F28F}") = "NVidAssistant", "NVidAssistant\NVidAssistant.vbproj", "{D26841F8-9E81-4827-AB75-1F126BF65E27}"
EndProject
Global
	GlobalSection(SolutionConfigurationPlatforms) = preSolution
		Debug|Any CPU = Debug|Any CPU
		Release|Any CPU = Release|Any CPU
	EndGlobalSection
	GlobalSection(ProjectConfigurationPlatforms) = postSolution
		{D26841F8-9E81-4827-AB75-1F126BF65E27}.Debug|Any CPU.ActiveCfg = Debug|Any CPU
		{D26841F8-9E81-4827-AB75-1F126BF65E27}.Debug|Any CPU.Build.0 = Debug|Any CPU
		{D26841F8-9E81-4827-AB75-1F126BF65E27}.Release|Any CPU.ActiveCfg = Release|Any CPU
		{D26841F8-9E81-4827-AB75-1F126BF65E27}.Release|Any CPU.Build.0 = Release|Any CPU
	EndGlobalSection
	GlobalSection(SolutionProperties) = preSolution
		HideSolutionNode = FALSE
	EndGlobalSection
	GlobalSection(ExtensibilityGlobals) = postSolution
		SolutionGuid = {FA64E10B-7A7B-41D5-BCCD-50C0A5CCAF4E}
	EndGlobalSection
EndGlobal
